
Microsoft Visual Studio Solution File, Format Version 12.00
# Visual Studio Version 17
VisualStudioVersion = 17.8.34330.188
MinimumVisualStudioVersion = 10.0.40219.1
Project("{FAE04EC0-301F-11D3-BF4B-00C04F79EFBC}") = "PetProject.Server", "PetProject.Server\PetProject.Server.csproj", "{56115C2F-98EB-44B3-BE9C-4F66F6E0A167}"
EndProject
Project("{54A90642-561A-4BB1-A94E-469ADEE60C69}") = "petproject.client", "petproject.client\petproject.client.esproj", "{30E8F933-5C09-4B07-90CF-4A87E2C37703}"
EndProject
Global
	GlobalSection(SolutionConfigurationPlatforms) = preSolution
		Debug|Any CPU = Debug|Any CPU
		Release|Any CPU = Release|Any CPU
	EndGlobalSection
	GlobalSection(ProjectConfigurationPlatforms) = postSolution
		{56115C2F-98EB-44B3-BE9C-4F66F6E0A167}.Debug|Any CPU.ActiveCfg = Debug|Any CPU
		{56115C2F-98EB-44B3-BE9C-4F66F6E0A167}.Debug|Any CPU.Build.0 = Debug|Any CPU
		{56115C2F-98EB-44B3-BE9C-4F66F6E0A167}.Release|Any CPU.ActiveCfg = Release|Any CPU
		{56115C2F-98EB-44B3-BE9C-4F66F6E0A167}.Release|Any CPU.Build.0 = Release|Any CPU
		{30E8F933-5C09-4B07-90CF-4A87E2C37703}.Debug|Any CPU.ActiveCfg = Debug|Any CPU
		{30E8F933-5C09-4B07-90CF-4A87E2C37703}.Debug|Any CPU.Build.0 = Debug|Any CPU
		{30E8F933-5C09-4B07-90CF-4A87E2C37703}.Debug|Any CPU.Deploy.0 = Debug|Any CPU
		{30E8F933-5C09-4B07-90CF-4A87E2C37703}.Release|Any CPU.ActiveCfg = Release|Any CPU
		{30E8F933-5C09-4B07-90CF-4A87E2C37703}.Release|Any CPU.Build.0 = Release|Any CPU
		{30E8F933-5C09-4B07-90CF-4A87E2C37703}.Release|Any CPU.Deploy.0 = Release|Any CPU
	EndGlobalSection
	GlobalSection(SolutionProperties) = preSolution
		HideSolutionNode = FALSE
	EndGlobalSection
	GlobalSection(ExtensibilityGlobals) = postSolution
		SolutionGuid = {80637FD8-8905-4152-BF91-55278974C8D1}
	EndGlobalSection
EndGlobal
